// !$*UTF8*$!
{
	archiveVersion = 1;
	classes = {
	};
	objectVersion = 56;
	objects = {

/* Begin PBXBuildFile section */
		38CEC24829A21C6E0046DB2F /* SpeechRecognizer.swift in Sources */ = {isa = PBXBuildFile; fileRef = 38CEC24729A21C6E0046DB2F /* SpeechRecognizer.swift */; };
		38CEC24A29A21CD20046DB2F /* MeetingView.swift in Sources */ = {isa = PBXBuildFile; fileRef = 38CEC24929A21CD20046DB2F /* MeetingView.swift */; };
		4263E36629A0E22A00ACBC8D /* History.swift in Sources */ = {isa = PBXBuildFile; fileRef = 4263E36529A0E22A00ACBC8D /* History.swift */; };
		4263E36829A0E99400ACBC8D /* TextRecView.swift in Sources */ = {isa = PBXBuildFile; fileRef = 4263E36729A0E99400ACBC8D /* TextRecView.swift */; };
		42D197EE29993A66009880F1 /* RecognizlatorApp.swift in Sources */ = {isa = PBXBuildFile; fileRef = 42D197ED29993A66009880F1 /* RecognizlatorApp.swift */; };
		42D197F029993A66009880F1 /* ContentView.swift in Sources */ = {isa = PBXBuildFile; fileRef = 42D197EF29993A66009880F1 /* ContentView.swift */; };
		42D197F229993A67009880F1 /* Assets.xcassets in Resources */ = {isa = PBXBuildFile; fileRef = 42D197F129993A67009880F1 /* Assets.xcassets */; };
		42D197F529993A67009880F1 /* Preview Assets.xcassets in Resources */ = {isa = PBXBuildFile; fileRef = 42D197F429993A67009880F1 /* Preview Assets.xcassets */; };
		42D197F729993A67009880F1 /* Persistence.swift in Sources */ = {isa = PBXBuildFile; fileRef = 42D197F629993A67009880F1 /* Persistence.swift */; };
		42D1980429993A68009880F1 /* RecognizlatorTests.swift in Sources */ = {isa = PBXBuildFile; fileRef = 42D1980329993A68009880F1 /* RecognizlatorTests.swift */; };
		42D1980E29993A68009880F1 /* RecognizlatorUITests.swift in Sources */ = {isa = PBXBuildFile; fileRef = 42D1980D29993A68009880F1 /* RecognizlatorUITests.swift */; };
		42D1981029993A68009880F1 /* RecognizlatorUITestsLaunchTests.swift in Sources */ = {isa = PBXBuildFile; fileRef = 42D1980F29993A68009880F1 /* RecognizlatorUITestsLaunchTests.swift */; };
		42D1981D29994548009880F1 /* VisionClassifier.swift in Sources */ = {isa = PBXBuildFile; fileRef = 42D1981C29994548009880F1 /* VisionClassifier.swift */; };
		42D1982129994CCD009880F1 /* ImageRecView.swift in Sources */ = {isa = PBXBuildFile; fileRef = 42D1982029994CCD009880F1 /* ImageRecView.swift */; };
		42D1982329994E8C009880F1 /* ImagePicker.swift in Sources */ = {isa = PBXBuildFile; fileRef = 42D1982229994E8C009880F1 /* ImagePicker.swift */; };
		42D1982529995608009880F1 /* OnBoardingView.swift in Sources */ = {isa = PBXBuildFile; fileRef = 42D1982429995608009880F1 /* OnBoardingView.swift */; };
		42D1982729995670009880F1 /* TabBarView.swift in Sources */ = {isa = PBXBuildFile; fileRef = 42D1982629995670009880F1 /* TabBarView.swift */; };
		42D1982929995686009880F1 /* TabBarItemView.swift in Sources */ = {isa = PBXBuildFile; fileRef = 42D1982829995686009880F1 /* TabBarItemView.swift */; };
		42D1982B2999569F009880F1 /* tabBarItem.swift in Sources */ = {isa = PBXBuildFile; fileRef = 42D1982A2999569F009880F1 /* tabBarItem.swift */; };
		42D1982E299957CA009880F1 /* Localizable.strings in Resources */ = {isa = PBXBuildFile; fileRef = 42D19830299957CA009880F1 /* Localizable.strings */; };
		42F9B14A299B6B28001F0134 /* MobileNetV2.mlmodel in Sources */ = {isa = PBXBuildFile; fileRef = 42F9B149299B6B28001F0134 /* MobileNetV2.mlmodel */; };
		77643E6729A4AADC00785AA9 /* HistoryView.swift in Sources */ = {isa = PBXBuildFile; fileRef = 77643E6629A4AADC00785AA9 /* HistoryView.swift */; };
		77D470B829A4B44500E45767 /* DataModel.xcdatamodeld in Sources */ = {isa = PBXBuildFile; fileRef = 77643E6829A4ABAD00785AA9 /* DataModel.xcdatamodeld */; };
/* End PBXBuildFile section */

/* Begin PBXContainerItemProxy section */
		42D1980029993A68009880F1 /* PBXContainerItemProxy */ = {
			isa = PBXContainerItemProxy;
			containerPortal = 42D197E229993A65009880F1 /* Project object */;
			proxyType = 1;
			remoteGlobalIDString = 42D197E929993A66009880F1;
			remoteInfo = Recognizlator;
		};
		42D1980A29993A68009880F1 /* PBXContainerItemProxy */ = {
			isa = PBXContainerItemProxy;
			containerPortal = 42D197E229993A65009880F1 /* Project object */;
			proxyType = 1;
			remoteGlobalIDString = 42D197E929993A66009880F1;
			remoteInfo = Recognizlator;
		};
/* End PBXContainerItemProxy section */

/* Begin PBXFileReference section */
		38CEC24629A21B320046DB2F /* Info.plist */ = {isa = PBXFileReference; lastKnownFileType = text.plist; path = Info.plist; sourceTree = "<group>"; };
		38CEC24729A21C6E0046DB2F /* SpeechRecognizer.swift */ = {isa = PBXFileReference; lastKnownFileType = sourcecode.swift; path = SpeechRecognizer.swift; sourceTree = "<group>"; };
		38CEC24929A21CD20046DB2F /* MeetingView.swift */ = {isa = PBXFileReference; lastKnownFileType = sourcecode.swift; path = MeetingView.swift; sourceTree = "<group>"; };
		4263E36529A0E22A00ACBC8D /* History.swift */ = {isa = PBXFileReference; lastKnownFileType = sourcecode.swift; path = History.swift; sourceTree = "<group>"; };
		4263E36729A0E99400ACBC8D /* TextRecView.swift */ = {isa = PBXFileReference; lastKnownFileType = sourcecode.swift; path = TextRecView.swift; sourceTree = "<group>"; };
		42D197EA29993A66009880F1 /* Recognizlator.app */ = {isa = PBXFileReference; explicitFileType = wrapper.application; includeInIndex = 0; path = Recognizlator.app; sourceTree = BUILT_PRODUCTS_DIR; };
		42D197ED29993A66009880F1 /* RecognizlatorApp.swift */ = {isa = PBXFileReference; lastKnownFileType = sourcecode.swift; path = RecognizlatorApp.swift; sourceTree = "<group>"; };
		42D197EF29993A66009880F1 /* ContentView.swift */ = {isa = PBXFileReference; lastKnownFileType = sourcecode.swift; path = ContentView.swift; sourceTree = "<group>"; };
		42D197F129993A67009880F1 /* Assets.xcassets */ = {isa = PBXFileReference; lastKnownFileType = folder.assetcatalog; path = Assets.xcassets; sourceTree = "<group>"; };
		42D197F429993A67009880F1 /* Preview Assets.xcassets */ = {isa = PBXFileReference; lastKnownFileType = folder.assetcatalog; path = "Preview Assets.xcassets"; sourceTree = "<group>"; };
		42D197F629993A67009880F1 /* Persistence.swift */ = {isa = PBXFileReference; lastKnownFileType = sourcecode.swift; path = Persistence.swift; sourceTree = "<group>"; };
		42D197FF29993A68009880F1 /* RecognizlatorTests.xctest */ = {isa = PBXFileReference; explicitFileType = wrapper.cfbundle; includeInIndex = 0; path = RecognizlatorTests.xctest; sourceTree = BUILT_PRODUCTS_DIR; };
		42D1980329993A68009880F1 /* RecognizlatorTests.swift */ = {isa = PBXFileReference; lastKnownFileType = sourcecode.swift; path = RecognizlatorTests.swift; sourceTree = "<group>"; };
		42D1980929993A68009880F1 /* RecognizlatorUITests.xctest */ = {isa = PBXFileReference; explicitFileType = wrapper.cfbundle; includeInIndex = 0; path = RecognizlatorUITests.xctest; sourceTree = BUILT_PRODUCTS_DIR; };
		42D1980D29993A68009880F1 /* RecognizlatorUITests.swift */ = {isa = PBXFileReference; lastKnownFileType = sourcecode.swift; path = RecognizlatorUITests.swift; sourceTree = "<group>"; };
		42D1980F29993A68009880F1 /* RecognizlatorUITestsLaunchTests.swift */ = {isa = PBXFileReference; lastKnownFileType = sourcecode.swift; path = RecognizlatorUITestsLaunchTests.swift; sourceTree = "<group>"; };
		42D1981C29994548009880F1 /* VisionClassifier.swift */ = {isa = PBXFileReference; lastKnownFileType = sourcecode.swift; path = VisionClassifier.swift; sourceTree = "<group>"; };
		42D1982029994CCD009880F1 /* ImageRecView.swift */ = {isa = PBXFileReference; lastKnownFileType = sourcecode.swift; path = ImageRecView.swift; sourceTree = "<group>"; };
		42D1982229994E8C009880F1 /* ImagePicker.swift */ = {isa = PBXFileReference; lastKnownFileType = sourcecode.swift; path = ImagePicker.swift; sourceTree = "<group>"; };
		42D1982429995608009880F1 /* OnBoardingView.swift */ = {isa = PBXFileReference; lastKnownFileType = sourcecode.swift; path = OnBoardingView.swift; sourceTree = "<group>"; };
		42D1982629995670009880F1 /* TabBarView.swift */ = {isa = PBXFileReference; lastKnownFileType = sourcecode.swift; path = TabBarView.swift; sourceTree = "<group>"; };
		42D1982829995686009880F1 /* TabBarItemView.swift */ = {isa = PBXFileReference; lastKnownFileType = sourcecode.swift; path = TabBarItemView.swift; sourceTree = "<group>"; };
		42D1982A2999569F009880F1 /* tabBarItem.swift */ = {isa = PBXFileReference; lastKnownFileType = sourcecode.swift; path = tabBarItem.swift; sourceTree = "<group>"; };
		42D19831299957CE009880F1 /* ar */ = {isa = PBXFileReference; lastKnownFileType = text.plist.strings; name = ar; path = ar.lproj/Localizable.strings; sourceTree = "<group>"; };
		42F9B149299B6B28001F0134 /* MobileNetV2.mlmodel */ = {isa = PBXFileReference; lastKnownFileType = file.mlmodel; path = MobileNetV2.mlmodel; sourceTree = SOURCE_ROOT; };
		77643E6629A4AADC00785AA9 /* HistoryView.swift */ = {isa = PBXFileReference; lastKnownFileType = sourcecode.swift; path = HistoryView.swift; sourceTree = "<group>"; };
		77643E6929A4ABAD00785AA9 /* DataModel.xcdatamodel */ = {isa = PBXFileReference; lastKnownFileType = wrapper.xcdatamodel; path = DataModel.xcdatamodel; sourceTree = "<group>"; };
/* End PBXFileReference section */

/* Begin PBXFrameworksBuildPhase section */
		42D197E729993A66009880F1 /* Frameworks */ = {
			isa = PBXFrameworksBuildPhase;
			buildActionMask = 2147483647;
			files = (
			);
			runOnlyForDeploymentPostprocessing = 0;
		};
		42D197FC29993A68009880F1 /* Frameworks */ = {
			isa = PBXFrameworksBuildPhase;
			buildActionMask = 2147483647;
			files = (
			);
			runOnlyForDeploymentPostprocessing = 0;
		};
		42D1980629993A68009880F1 /* Frameworks */ = {
			isa = PBXFrameworksBuildPhase;
			buildActionMask = 2147483647;
			files = (
			);
			runOnlyForDeploymentPostprocessing = 0;
		};
/* End PBXFrameworksBuildPhase section */

/* Begin PBXGroup section */
		42D197E129993A65009880F1 = {
			isa = PBXGroup;
			children = (
				77643E6629A4AADC00785AA9 /* HistoryView.swift */,
				38CEC24729A21C6E0046DB2F /* SpeechRecognizer.swift */,
				38CEC24929A21CD20046DB2F /* MeetingView.swift */,
				42D197EC29993A66009880F1 /* Recognizlator */,
				42D1980229993A68009880F1 /* RecognizlatorTests */,
				42D1980C29993A68009880F1 /* RecognizlatorUITests */,
				42D197EB29993A66009880F1 /* Products */,
			);
			sourceTree = "<group>";
		};
		42D197EB29993A66009880F1 /* Products */ = {
			isa = PBXGroup;
			children = (
				42D197EA29993A66009880F1 /* Recognizlator.app */,
				42D197FF29993A68009880F1 /* RecognizlatorTests.xctest */,
				42D1980929993A68009880F1 /* RecognizlatorUITests.xctest */,
			);
			name = Products;
			sourceTree = "<group>";
		};
		42D197EC29993A66009880F1 /* Recognizlator */ = {
			isa = PBXGroup;
			children = (
				77643E6829A4ABAD00785AA9 /* DataModel.xcdatamodeld */,
				38CEC24629A21B320046DB2F /* Info.plist */,
				42D197ED29993A66009880F1 /* RecognizlatorApp.swift */,
				42D197EF29993A66009880F1 /* ContentView.swift */,
				42D1982629995670009880F1 /* TabBarView.swift */,
				42D1982829995686009880F1 /* TabBarItemView.swift */,
				42D1982A2999569F009880F1 /* tabBarItem.swift */,
				42D1982029994CCD009880F1 /* ImageRecView.swift */,
				4263E36729A0E99400ACBC8D /* TextRecView.swift */,
				42D1982429995608009880F1 /* OnBoardingView.swift */,
				4263E36529A0E22A00ACBC8D /* History.swift */,
				42F9B149299B6B28001F0134 /* MobileNetV2.mlmodel */,
				42D197F129993A67009880F1 /* Assets.xcassets */,
				42D197F629993A67009880F1 /* Persistence.swift */,
				42D197F329993A67009880F1 /* Preview Content */,
				42D19830299957CA009880F1 /* Localizable.strings */,
			);
			path = Recognizlator;
			sourceTree = "<group>";
		};
		42D197F329993A67009880F1 /* Preview Content */ = {
			isa = PBXGroup;
			children = (
				42D197F429993A67009880F1 /* Preview Assets.xcassets */,
				42D1982229994E8C009880F1 /* ImagePicker.swift */,
				42D1981C29994548009880F1 /* VisionClassifier.swift */,
			);
			path = "Preview Content";
			sourceTree = "<group>";
		};
		42D1980229993A68009880F1 /* RecognizlatorTests */ = {
			isa = PBXGroup;
			children = (
				42D1980329993A68009880F1 /* RecognizlatorTests.swift */,
			);
			path = RecognizlatorTests;
			sourceTree = "<group>";
		};
		42D1980C29993A68009880F1 /* RecognizlatorUITests */ = {
			isa = PBXGroup;
			children = (
				42D1980D29993A68009880F1 /* RecognizlatorUITests.swift */,
				42D1980F29993A68009880F1 /* RecognizlatorUITestsLaunchTests.swift */,
			);
			path = RecognizlatorUITests;
			sourceTree = "<group>";
		};
/* End PBXGroup section */

/* Begin PBXNativeTarget section */
		42D197E929993A66009880F1 /* Recognizlator */ = {
			isa = PBXNativeTarget;
			buildConfigurationList = 42D1981329993A68009880F1 /* Build configuration list for PBXNativeTarget "Recognizlator" */;
			buildPhases = (
				42D197E629993A66009880F1 /* Sources */,
				42D197E729993A66009880F1 /* Frameworks */,
				42D197E829993A66009880F1 /* Resources */,
			);
			buildRules = (
			);
			dependencies = (
			);
			name = Recognizlator;
			productName = Recognizlator;
			productReference = 42D197EA29993A66009880F1 /* Recognizlator.app */;
			productType = "com.apple.product-type.application";
		};
		42D197FE29993A68009880F1 /* RecognizlatorTests */ = {
			isa = PBXNativeTarget;
			buildConfigurationList = 42D1981629993A68009880F1 /* Build configuration list for PBXNativeTarget "RecognizlatorTests" */;
			buildPhases = (
				42D197FB29993A68009880F1 /* Sources */,
				42D197FC29993A68009880F1 /* Frameworks */,
				42D197FD29993A68009880F1 /* Resources */,
			);
			buildRules = (
			);
			dependencies = (
				42D1980129993A68009880F1 /* PBXTargetDependency */,
			);
			name = RecognizlatorTests;
			productName = RecognizlatorTests;
			productReference = 42D197FF29993A68009880F1 /* RecognizlatorTests.xctest */;
			productType = "com.apple.product-type.bundle.unit-test";
		};
		42D1980829993A68009880F1 /* RecognizlatorUITests */ = {
			isa = PBXNativeTarget;
			buildConfigurationList = 42D1981929993A68009880F1 /* Build configuration list for PBXNativeTarget "RecognizlatorUITests" */;
			buildPhases = (
				42D1980529993A68009880F1 /* Sources */,
				42D1980629993A68009880F1 /* Frameworks */,
				42D1980729993A68009880F1 /* Resources */,
			);
			buildRules = (
			);
			dependencies = (
				42D1980B29993A68009880F1 /* PBXTargetDependency */,
			);
			name = RecognizlatorUITests;
			productName = RecognizlatorUITests;
			productReference = 42D1980929993A68009880F1 /* RecognizlatorUITests.xctest */;
			productType = "com.apple.product-type.bundle.ui-testing";
		};
/* End PBXNativeTarget section */

/* Begin PBXProject section */
		42D197E229993A65009880F1 /* Project object */ = {
			isa = PBXProject;
			attributes = {
				BuildIndependentTargetsInParallel = 1;
				LastSwiftUpdateCheck = 1420;
				LastUpgradeCheck = 1420;
				TargetAttributes = {
					42D197E929993A66009880F1 = {
						CreatedOnToolsVersion = 14.2;
					};
					42D197FE29993A68009880F1 = {
						CreatedOnToolsVersion = 14.2;
						TestTargetID = 42D197E929993A66009880F1;
					};
					42D1980829993A68009880F1 = {
						CreatedOnToolsVersion = 14.2;
						TestTargetID = 42D197E929993A66009880F1;
					};
				};
			};
			buildConfigurationList = 42D197E529993A65009880F1 /* Build configuration list for PBXProject "Recognizlator" */;
			compatibilityVersion = "Xcode 14.0";
			developmentRegion = en;
			hasScannedForEncodings = 0;
			knownRegions = (
				en,
				Base,
				ar,
			);
			mainGroup = 42D197E129993A65009880F1;
			productRefGroup = 42D197EB29993A66009880F1 /* Products */;
			projectDirPath = "";
			projectRoot = "";
			targets = (
				42D197E929993A66009880F1 /* Recognizlator */,
				42D197FE29993A68009880F1 /* RecognizlatorTests */,
				42D1980829993A68009880F1 /* RecognizlatorUITests */,
			);
		};
/* End PBXProject section */

/* Begin PBXResourcesBuildPhase section */
		42D197E829993A66009880F1 /* Resources */ = {
			isa = PBXResourcesBuildPhase;
			buildActionMask = 2147483647;
			files = (
				42D197F529993A67009880F1 /* Preview Assets.xcassets in Resources */,
				42D1982E299957CA009880F1 /* Localizable.strings in Resources */,
				42D197F229993A67009880F1 /* Assets.xcassets in Resources */,
			);
			runOnlyForDeploymentPostprocessing = 0;
		};
		42D197FD29993A68009880F1 /* Resources */ = {
			isa = PBXResourcesBuildPhase;
			buildActionMask = 2147483647;
			files = (
			);
			runOnlyForDeploymentPostprocessing = 0;
		};
		42D1980729993A68009880F1 /* Resources */ = {
			isa = PBXResourcesBuildPhase;
			buildActionMask = 2147483647;
			files = (
			);
			runOnlyForDeploymentPostprocessing = 0;
		};
/* End PBXResourcesBuildPhase section */

/* Begin PBXSourcesBuildPhase section */
		42D197E629993A66009880F1 /* Sources */ = {
			isa = PBXSourcesBuildPhase;
			buildActionMask = 2147483647;
			files = (
				38CEC24A29A21CD20046DB2F /* MeetingView.swift in Sources */,
				4263E36829A0E99400ACBC8D /* TextRecView.swift in Sources */,
				42D1982129994CCD009880F1 /* ImageRecView.swift in Sources */,
				42D197F729993A67009880F1 /* Persistence.swift in Sources */,
				77D470B829A4B44500E45767 /* DataModel.xcdatamodeld in Sources */,
				42D1982529995608009880F1 /* OnBoardingView.swift in Sources */,
				38CEC24829A21C6E0046DB2F /* SpeechRecognizer.swift in Sources */,
				42D197F029993A66009880F1 /* ContentView.swift in Sources */,
				42D1982329994E8C009880F1 /* ImagePicker.swift in Sources */,
				42D1982929995686009880F1 /* TabBarItemView.swift in Sources */,
				42D1981D29994548009880F1 /* VisionClassifier.swift in Sources */,
				42D1982729995670009880F1 /* TabBarView.swift in Sources */,
				42D1982B2999569F009880F1 /* tabBarItem.swift in Sources */,
				4263E36629A0E22A00ACBC8D /* History.swift in Sources */,
				42F9B14A299B6B28001F0134 /* MobileNetV2.mlmodel in Sources */,
				77643E6729A4AADC00785AA9 /* HistoryView.swift in Sources */,
				42D197EE29993A66009880F1 /* RecognizlatorApp.swift in Sources */,
			);
			runOnlyForDeploymentPostprocessing = 0;
		};
		42D197FB29993A68009880F1 /* Sources */ = {
			isa = PBXSourcesBuildPhase;
			buildActionMask = 2147483647;
			files = (
				42D1980429993A68009880F1 /* RecognizlatorTests.swift in Sources */,
			);
			runOnlyForDeploymentPostprocessing = 0;
		};
		42D1980529993A68009880F1 /* Sources */ = {
			isa = PBXSourcesBuildPhase;
			buildActionMask = 2147483647;
			files = (
				42D1981029993A68009880F1 /* RecognizlatorUITestsLaunchTests.swift in Sources */,
				42D1980E29993A68009880F1 /* RecognizlatorUITests.swift in Sources */,
			);
			runOnlyForDeploymentPostprocessing = 0;
		};
/* End PBXSourcesBuildPhase section */

/* Begin PBXTargetDependency section */
		42D1980129993A68009880F1 /* PBXTargetDependency */ = {
			isa = PBXTargetDependency;
			target = 42D197E929993A66009880F1 /* Recognizlator */;
			targetProxy = 42D1980029993A68009880F1 /* PBXContainerItemProxy */;
		};
		42D1980B29993A68009880F1 /* PBXTargetDependency */ = {
			isa = PBXTargetDependency;
			target = 42D197E929993A66009880F1 /* Recognizlator */;
			targetProxy = 42D1980A29993A68009880F1 /* PBXContainerItemProxy */;
		};
/* End PBXTargetDependency section */

/* Begin PBXVariantGroup section */
		42D19830299957CA009880F1 /* Localizable.strings */ = {
			isa = PBXVariantGroup;
			children = (
				42D19831299957CE009880F1 /* ar */,
			);
			name = Localizable.strings;
			sourceTree = "<group>";
		};
/* End PBXVariantGroup section */

/* Begin XCBuildConfiguration section */
		42D1981129993A68009880F1 /* Debug */ = {
			isa = XCBuildConfiguration;
			buildSettings = {
				ALWAYS_SEARCH_USER_PATHS = NO;
				CLANG_ANALYZER_NONNULL = YES;
				CLANG_ANALYZER_NUMBER_OBJECT_CONVERSION = YES_AGGRESSIVE;
				CLANG_CXX_LANGUAGE_STANDARD = "gnu++20";
				CLANG_ENABLE_MODULES = YES;
				CLANG_ENABLE_OBJC_ARC = YES;
				CLANG_ENABLE_OBJC_WEAK = YES;
				CLANG_WARN_BLOCK_CAPTURE_AUTORELEASING = YES;
				CLANG_WARN_BOOL_CONVERSION = YES;
				CLANG_WARN_COMMA = YES;
				CLANG_WARN_CONSTANT_CONVERSION = YES;
				CLANG_WARN_DEPRECATED_OBJC_IMPLEMENTATIONS = YES;
				CLANG_WARN_DIRECT_OBJC_ISA_USAGE = YES_ERROR;
				CLANG_WARN_DOCUMENTATION_COMMENTS = YES;
				CLANG_WARN_EMPTY_BODY = YES;
				CLANG_WARN_ENUM_CONVERSION = YES;
				CLANG_WARN_INFINITE_RECURSION = YES;
				CLANG_WARN_INT_CONVERSION = YES;
				CLANG_WARN_NON_LITERAL_NULL_CONVERSION = YES;
				CLANG_WARN_OBJC_IMPLICIT_RETAIN_SELF = YES;
				CLANG_WARN_OBJC_LITERAL_CONVERSION = YES;
				CLANG_WARN_OBJC_ROOT_CLASS = YES_ERROR;
				CLANG_WARN_QUOTED_INCLUDE_IN_FRAMEWORK_HEADER = YES;
				CLANG_WARN_RANGE_LOOP_ANALYSIS = YES;
				CLANG_WARN_STRICT_PROTOTYPES = YES;
				CLANG_WARN_SUSPICIOUS_MOVE = YES;
				CLANG_WARN_UNGUARDED_AVAILABILITY = YES_AGGRESSIVE;
				CLANG_WARN_UNREACHABLE_CODE = YES;
				CLANG_WARN__DUPLICATE_METHOD_MATCH = YES;
				COPY_PHASE_STRIP = NO;
				DEBUG_INFORMATION_FORMAT = dwarf;
				ENABLE_STRICT_OBJC_MSGSEND = YES;
				ENABLE_TESTABILITY = YES;
				GCC_C_LANGUAGE_STANDARD = gnu11;
				GCC_DYNAMIC_NO_PIC = NO;
				GCC_NO_COMMON_BLOCKS = YES;
				GCC_OPTIMIZATION_LEVEL = 0;
				GCC_PREPROCESSOR_DEFINITIONS = (
					"DEBUG=1",
					"$(inherited)",
				);
				GCC_WARN_64_TO_32_BIT_CONVERSION = YES;
				GCC_WARN_ABOUT_RETURN_TYPE = YES_ERROR;
				GCC_WARN_UNDECLARED_SELECTOR = YES;
				GCC_WARN_UNINITIALIZED_AUTOS = YES_AGGRESSIVE;
				GCC_WARN_UNUSED_FUNCTION = YES;
				GCC_WARN_UNUSED_VARIABLE = YES;
				IPHONEOS_DEPLOYMENT_TARGET = 16.2;
				MTL_ENABLE_DEBUG_INFO = INCLUDE_SOURCE;
				MTL_FAST_MATH = YES;
				ONLY_ACTIVE_ARCH = YES;
				SDKROOT = iphoneos;
				SWIFT_ACTIVE_COMPILATION_CONDITIONS = DEBUG;
				SWIFT_OPTIMIZATION_LEVEL = "-Onone";
			};
			name = Debug;
		};
		42D1981229993A68009880F1 /* Release */ = {
			isa = XCBuildConfiguration;
			buildSettings = {
				ALWAYS_SEARCH_USER_PATHS = NO;
				CLANG_ANALYZER_NONNULL = YES;
				CLANG_ANALYZER_NUMBER_OBJECT_CONVERSION = YES_AGGRESSIVE;
				CLANG_CXX_LANGUAGE_STANDARD = "gnu++20";
				CLANG_ENABLE_MODULES = YES;
				CLANG_ENABLE_OBJC_ARC = YES;
				CLANG_ENABLE_OBJC_WEAK = YES;
				CLANG_WARN_BLOCK_CAPTURE_AUTORELEASING = YES;
				CLANG_WARN_BOOL_CONVERSION = YES;
				CLANG_WARN_COMMA = YES;
				CLANG_WARN_CONSTANT_CONVERSION = YES;
				CLANG_WARN_DEPRECATED_OBJC_IMPLEMENTATIONS = YES;
				CLANG_WARN_DIRECT_OBJC_ISA_USAGE = YES_ERROR;
				CLANG_WARN_DOCUMENTATION_COMMENTS = YES;
				CLANG_WARN_EMPTY_BODY = YES;
				CLANG_WARN_ENUM_CONVERSION = YES;
				CLANG_WARN_INFINITE_RECURSION = YES;
				CLANG_WARN_INT_CONVERSION = YES;
				CLANG_WARN_NON_LITERAL_NULL_CONVERSION = YES;
				CLANG_WARN_OBJC_IMPLICIT_RETAIN_SELF = YES;
				CLANG_WARN_OBJC_LITERAL_CONVERSION = YES;
				CLANG_WARN_OBJC_ROOT_CLASS = YES_ERROR;
				CLANG_WARN_QUOTED_INCLUDE_IN_FRAMEWORK_HEADER = YES;
				CLANG_WARN_RANGE_LOOP_ANALYSIS = YES;
				CLANG_WARN_STRICT_PROTOTYPES = YES;
				CLANG_WARN_SUSPICIOUS_MOVE = YES;
				CLANG_WARN_UNGUARDED_AVAILABILITY = YES_AGGRESSIVE;
				CLANG_WARN_UNREACHABLE_CODE = YES;
				CLANG_WARN__DUPLICATE_METHOD_MATCH = YES;
				COPY_PHASE_STRIP = NO;
				DEBUG_INFORMATION_FORMAT = "dwarf-with-dsym";
				ENABLE_NS_ASSERTIONS = NO;
				ENABLE_STRICT_OBJC_MSGSEND = YES;
				GCC_C_LANGUAGE_STANDARD = gnu11;
				GCC_NO_COMMON_BLOCKS = YES;
				GCC_WARN_64_TO_32_BIT_CONVERSION = YES;
				GCC_WARN_ABOUT_RETURN_TYPE = YES_ERROR;
				GCC_WARN_UNDECLARED_SELECTOR = YES;
				GCC_WARN_UNINITIALIZED_AUTOS = YES_AGGRESSIVE;
				GCC_WARN_UNUSED_FUNCTION = YES;
				GCC_WARN_UNUSED_VARIABLE = YES;
				IPHONEOS_DEPLOYMENT_TARGET = 16.2;
				MTL_ENABLE_DEBUG_INFO = NO;
				MTL_FAST_MATH = YES;
				SDKROOT = iphoneos;
				SWIFT_COMPILATION_MODE = wholemodule;
				SWIFT_OPTIMIZATION_LEVEL = "-O";
				VALIDATE_PRODUCT = YES;
			};
			name = Release;
		};
		42D1981429993A68009880F1 /* Debug */ = {
			isa = XCBuildConfiguration;
			buildSettings = {
				ASSETCATALOG_COMPILER_APPICON_NAME = AppIcon;
				ASSETCATALOG_COMPILER_GLOBAL_ACCENT_COLOR_NAME = AccentColor;
				CODE_SIGN_STYLE = Automatic;
				CURRENT_PROJECT_VERSION = 1;
				DEVELOPMENT_ASSET_PATHS = "\"Recognizlator/Preview Content\"";
				DEVELOPMENT_TEAM = U7539R3954;
				ENABLE_PREVIEWS = YES;
				GENERATE_INFOPLIST_FILE = YES;
				INFOPLIST_FILE = Recognizlator/Info.plist;
				INFOPLIST_KEY_NSCameraUsageDescription = "using camera to take a pictrue";
				INFOPLIST_KEY_NSMicrophoneUsageDescription = "Audio is recorded to transcribe the meeting. Audio recordings are discarded after transcription";
				INFOPLIST_KEY_NSSpeechRecognitionUsageDescription = "you can view a text transcription of your meeting in the app";
				INFOPLIST_KEY_UIApplicationSceneManifest_Generation = YES;
				INFOPLIST_KEY_UIApplicationSupportsIndirectInputEvents = YES;
				INFOPLIST_KEY_UILaunchScreen_Generation = YES;
				INFOPLIST_KEY_UISupportedInterfaceOrientations_iPad = "UIInterfaceOrientationPortrait UIInterfaceOrientationPortraitUpsideDown UIInterfaceOrientationLandscapeLeft UIInterfaceOrientationLandscapeRight";
				INFOPLIST_KEY_UISupportedInterfaceOrientations_iPhone = "UIInterfaceOrientationPortrait UIInterfaceOrientationLandscapeLeft UIInterfaceOrientationLandscapeRight";
				LD_RUNPATH_SEARCH_PATHS = (
					"$(inherited)",
					"@executable_path/Frameworks",
				);
				MARKETING_VERSION = 1.0;
				PRODUCT_BUNDLE_IDENTIFIER = com.sara.Recognizlator;
				PRODUCT_NAME = "$(TARGET_NAME)";
				SWIFT_EMIT_LOC_STRINGS = YES;
				SWIFT_VERSION = 5.0;
				TARGETED_DEVICE_FAMILY = "1,2";
			};
			name = Debug;
		};
		42D1981529993A68009880F1 /* Release */ = {
			isa = XCBuildConfiguration;
			buildSettings = {
				ASSETCATALOG_COMPILER_APPICON_NAME = AppIcon;
				ASSETCATALOG_COMPILER_GLOBAL_ACCENT_COLOR_NAME = AccentColor;
				CODE_SIGN_STYLE = Automatic;
				CURRENT_PROJECT_VERSION = 1;
				DEVELOPMENT_ASSET_PATHS = "\"Recognizlator/Preview Content\"";
				DEVELOPMENT_TEAM = U7539R3954;
				ENABLE_PREVIEWS = YES;
				GENERATE_INFOPLIST_FILE = YES;
				INFOPLIST_FILE = Recognizlator/Info.plist;
				INFOPLIST_KEY_NSCameraUsageDescription = "using camera to take a pictrue";
				INFOPLIST_KEY_NSMicrophoneUsageDescription = "Audio is recorded to transcribe the meeting. Audio recordings are discarded after transcription";
				INFOPLIST_KEY_NSSpeechRecognitionUsageDescription = "you can view a text transcription of your meeting in the app";
				INFOPLIST_KEY_UIApplicationSceneManifest_Generation = YES;
				INFOPLIST_KEY_UIApplicationSupportsIndirectInputEvents = YES;
				INFOPLIST_KEY_UILaunchScreen_Generation = YES;
				INFOPLIST_KEY_UISupportedInterfaceOrientations_iPad = "UIInterfaceOrientationPortrait UIInterfaceOrientationPortraitUpsideDown UIInterfaceOrientationLandscapeLeft UIInterfaceOrientationLandscapeRight";
				INFOPLIST_KEY_UISupportedInterfaceOrientations_iPhone = "UIInterfaceOrientationPortrait UIInterfaceOrientationLandscapeLeft UIInterfaceOrientationLandscapeRight";
				LD_RUNPATH_SEARCH_PATHS = (
					"$(inherited)",
					"@executable_path/Frameworks",
				);
				MARKETING_VERSION = 1.0;
				PRODUCT_BUNDLE_IDENTIFIER = com.sara.Recognizlator;
				PRODUCT_NAME = "$(TARGET_NAME)";
				SWIFT_EMIT_LOC_STRINGS = YES;
				SWIFT_VERSION = 5.0;
				TARGETED_DEVICE_FAMILY = "1,2";
			};
			name = Release;
		};
		42D1981729993A68009880F1 /* Debug */ = {
			isa = XCBuildConfiguration;
			buildSettings = {
				ALWAYS_EMBED_SWIFT_STANDARD_LIBRARIES = YES;
				BUNDLE_LOADER = "$(TEST_HOST)";
				CODE_SIGN_STYLE = Automatic;
				CURRENT_PROJECT_VERSION = 1;
				DEVELOPMENT_TEAM = VYB73XD4WM;
				GENERATE_INFOPLIST_FILE = YES;
				IPHONEOS_DEPLOYMENT_TARGET = 16.2;
				MARKETING_VERSION = 1.0;
				PRODUCT_BUNDLE_IDENTIFIER = com.sara.RecognizlatorTests;
				PRODUCT_NAME = "$(TARGET_NAME)";
				SWIFT_EMIT_LOC_STRINGS = NO;
				SWIFT_VERSION = 5.0;
				TARGETED_DEVICE_FAMILY = "1,2";
				TEST_HOST = "$(BUILT_PRODUCTS_DIR)/Recognizlator.app/$(BUNDLE_EXECUTABLE_FOLDER_PATH)/Recognizlator";
			};
			name = Debug;
		};
		42D1981829993A68009880F1 /* Release */ = {
			isa = XCBuildConfiguration;
			buildSettings = {
				ALWAYS_EMBED_SWIFT_STANDARD_LIBRARIES = YES;
				BUNDLE_LOADER = "$(TEST_HOST)";
				CODE_SIGN_STYLE = Automatic;
				CURRENT_PROJECT_VERSION = 1;
				DEVELOPMENT_TEAM = VYB73XD4WM;
				GENERATE_INFOPLIST_FILE = YES;
				IPHONEOS_DEPLOYMENT_TARGET = 16.2;
				MARKETING_VERSION = 1.0;
				PRODUCT_BUNDLE_IDENTIFIER = com.sara.RecognizlatorTests;
				PRODUCT_NAME = "$(TARGET_NAME)";
				SWIFT_EMIT_LOC_STRINGS = NO;
				SWIFT_VERSION = 5.0;
				TARGETED_DEVICE_FAMILY = "1,2";
				TEST_HOST = "$(BUILT_PRODUCTS_DIR)/Recognizlator.app/$(BUNDLE_EXECUTABLE_FOLDER_PATH)/Recognizlator";
			};
			name = Release;
		};
		42D1981A29993A68009880F1 /* Debug */ = {
			isa = XCBuildConfiguration;
			buildSettings = {
				ALWAYS_EMBED_SWIFT_STANDARD_LIBRARIES = YES;
				CODE_SIGN_STYLE = Automatic;
				CURRENT_PROJECT_VERSION = 1;
				DEVELOPMENT_TEAM = VYB73XD4WM;
				GENERATE_INFOPLIST_FILE = YES;
				MARKETING_VERSION = 1.0;
				PRODUCT_BUNDLE_IDENTIFIER = com.sara.RecognizlatorUITests;
				PRODUCT_NAME = "$(TARGET_NAME)";
				SWIFT_EMIT_LOC_STRINGS = NO;
				SWIFT_VERSION = 5.0;
				TARGETED_DEVICE_FAMILY = "1,2";
				TEST_TARGET_NAME = Recognizlator;
			};
			name = Debug;
		};
		42D1981B29993A68009880F1 /* Release */ = {
			isa = XCBuildConfiguration;
			buildSettings = {
				ALWAYS_EMBED_SWIFT_STANDARD_LIBRARIES = YES;
				CODE_SIGN_STYLE = Automatic;
				CURRENT_PROJECT_VERSION = 1;
				DEVELOPMENT_TEAM = VYB73XD4WM;
				GENERATE_INFOPLIST_FILE = YES;
				MARKETING_VERSION = 1.0;
				PRODUCT_BUNDLE_IDENTIFIER = com.sara.RecognizlatorUITests;
				PRODUCT_NAME = "$(TARGET_NAME)";
				SWIFT_EMIT_LOC_STRINGS = NO;
				SWIFT_VERSION = 5.0;
				TARGETED_DEVICE_FAMILY = "1,2";
				TEST_TARGET_NAME = Recognizlator;
			};
			name = Release;
		};
/* End XCBuildConfiguration section */

/* Begin XCConfigurationList section */
		42D197E529993A65009880F1 /* Build configuration list for PBXProject "Recognizlator" */ = {
			isa = XCConfigurationList;
			buildConfigurations = (
				42D1981129993A68009880F1 /* Debug */,
				42D1981229993A68009880F1 /* Release */,
			);
			defaultConfigurationIsVisible = 0;
			defaultConfigurationName = Release;
		};
		42D1981329993A68009880F1 /* Build configuration list for PBXNativeTarget "Recognizlator" */ = {
			isa = XCConfigurationList;
			buildConfigurations = (
				42D1981429993A68009880F1 /* Debug */,
				42D1981529993A68009880F1 /* Release */,
			);
			defaultConfigurationIsVisible = 0;
			defaultConfigurationName = Release;
		};
		42D1981629993A68009880F1 /* Build configuration list for PBXNativeTarget "RecognizlatorTests" */ = {
			isa = XCConfigurationList;
			buildConfigurations = (
				42D1981729993A68009880F1 /* Debug */,
				42D1981829993A68009880F1 /* Release */,
			);
			defaultConfigurationIsVisible = 0;
			defaultConfigurationName = Release;
		};
		42D1981929993A68009880F1 /* Build configuration list for PBXNativeTarget "RecognizlatorUITests" */ = {
			isa = XCConfigurationList;
			buildConfigurations = (
				42D1981A29993A68009880F1 /* Debug */,
				42D1981B29993A68009880F1 /* Release */,
			);
			defaultConfigurationIsVisible = 0;
			defaultConfigurationName = Release;
		};
/* End XCConfigurationList section */

/* Begin XCVersionGroup section */
		77643E6829A4ABAD00785AA9 /* DataModel.xcdatamodeld */ = {
			isa = XCVersionGroup;
			children = (
				77643E6929A4ABAD00785AA9 /* DataModel.xcdatamodel */,
			);
			currentVersion = 77643E6929A4ABAD00785AA9 /* DataModel.xcdatamodel */;
			path = DataModel.xcdatamodeld;
			sourceTree = "<group>";
			versionGroupType = wrapper.xcdatamodel;
		};
/* End XCVersionGroup section */
	};
	rootObject = 42D197E229993A65009880F1 /* Project object */;
}
